
Microsoft Visual Studio Solution File, Format Version 12.00
# Visual Studio Version 17
VisualStudioVersion = 17.8.34330.188
MinimumVisualStudioVersion = 10.0.40219.1
Project("{FAE04EC0-301F-11D3-BF4B-00C04F79EFBC}") = "TestGpio", "TestGpio\TestGpio.csproj", "{70B046DE-CB08-47EE-97D4-93C7D2E66F4C}"
EndProject
Global
	GlobalSection(SolutionConfigurationPlatforms) = preSolution
		Debug|Any CPU = Debug|Any CPU
		Release|Any CPU = Release|Any CPU
	EndGlobalSection
	GlobalSection(ProjectConfigurationPlatforms) = postSolution
		{70B046DE-CB08-47EE-97D4-93C7D2E66F4C}.Debug|Any CPU.ActiveCfg = Debug|Any CPU
		{70B046DE-CB08-47EE-97D4-93C7D2E66F4C}.Debug|Any CPU.Build.0 = Debug|Any CPU
		{70B046DE-CB08-47EE-97D4-93C7D2E66F4C}.Release|Any CPU.ActiveCfg = Release|Any CPU
		{70B046DE-CB08-47EE-97D4-93C7D2E66F4C}.Release|Any CPU.Build.0 = Release|Any CPU
	EndGlobalSection
	GlobalSection(SolutionProperties) = preSolution
		HideSolutionNode = FALSE
	EndGlobalSection
	GlobalSection(ExtensibilityGlobals) = postSolution
		SolutionGuid = {DB0E63C8-3F0F-404E-A79B-39397C48D0C4}
	EndGlobalSection
EndGlobal
